
Microsoft Visual Studio Solution File, Format Version 12.00
# Visual Studio Version 16
VisualStudioVersion = 16.0.29728.190
MinimumVisualStudioVersion = 10.0.40219.1
Project("{9A19103F-16F7-4668-BE54-9A1E7A4F7556}") = "MicroRabbit.Domain.Core", "MicroRabbit.Domain.Core\MicroRabbit.Domain.Core.csproj", "{BC490CED-DF8D-40D0-9ED4-71FA59D346A1}"
EndProject
Project("{2150E333-8FDC-42A3-9474-1A3956D46DE8}") = "Domain", "Domain", "{512852AC-E90B-4C89-9859-3B6B3CA8AAE6}"
EndProject
Project("{2150E333-8FDC-42A3-9474-1A3956D46DE8}") = "Infra.Bus", "Infra.Bus", "{B8ADED94-6999-4978-8DC3-F1A60BA643C9}"
EndProject
Project("{2150E333-8FDC-42A3-9474-1A3956D46DE8}") = "Infra.IoS", "Infra.IoS", "{AEDB1A68-7E0C-40B4-B022-A55C456F134F}"
EndProject
Project("{2150E333-8FDC-42A3-9474-1A3956D46DE8}") = "Microservices", "Microservices", "{7AFE17B9-2F7B-4961-890E-499892C1A03B}"
EndProject
Project("{2150E333-8FDC-42A3-9474-1A3956D46DE8}") = "Presentation", "Presentation", "{25B9890A-4927-431D-9E08-0CE821A772A7}"
EndProject
Project("{9A19103F-16F7-4668-BE54-9A1E7A4F7556}") = "MicroRabbit.Infra.Bus", "MicroRabbit.Infra.Bus\MicroRabbit.Infra.Bus.csproj", "{EF37DB8E-9EC3-4AFD-8DDA-DA8A5D988441}"
EndProject
Project("{FAE04EC0-301F-11D3-BF4B-00C04F79EFBC}") = "MicroRabbit.Infra.IoC", "MicroRabbit.Infra.IoC\MicroRabbit.Infra.IoC.csproj", "{EA30A966-F8F8-4414-8DD5-411CB7601279}"
EndProject
Project("{2150E333-8FDC-42A3-9474-1A3956D46DE8}") = "Banking", "Banking", "{70203F6D-BECA-4738-9D1E-AFC49374DBEA}"
EndProject
Project("{2150E333-8FDC-42A3-9474-1A3956D46DE8}") = "Api", "Api", "{2705B625-E558-43AD-9EA1-6EDFA4287EDD}"
EndProject
Project("{2150E333-8FDC-42A3-9474-1A3956D46DE8}") = "Domain", "Domain", "{1B8BC79D-E170-4A0E-BCE4-D18534D7F685}"
EndProject
Project("{2150E333-8FDC-42A3-9474-1A3956D46DE8}") = "Application", "Application", "{2C3E22D7-D2E5-44A4-8D85-451328DB9A08}"
EndProject
Project("{2150E333-8FDC-42A3-9474-1A3956D46DE8}") = "Data", "Data", "{40490798-E5F1-4357-B93B-5955B0D58096}"
EndProject
Project("{FAE04EC0-301F-11D3-BF4B-00C04F79EFBC}") = "MicroRabbit.Banking.Api", "MicroRabbit.Banking.Api\MicroRabbit.Banking.Api.csproj", "{87831BEB-393E-4843-AF60-9A4AE25E6B5D}"
EndProject
Project("{FAE04EC0-301F-11D3-BF4B-00C04F79EFBC}") = "MicroRabbit.Banking.Application", "MicroRabbit.Banking.Application\MicroRabbit.Banking.Application.csproj", "{4DD496B9-C82F-4EA4-B84C-D6FA3B1F42DC}"
EndProject
Project("{FAE04EC0-301F-11D3-BF4B-00C04F79EFBC}") = "MicroRabbit.Banking.Data", "MicroRabbit.Banking.Data\MicroRabbit.Banking.Data.csproj", "{77E61F94-34FF-4D3C-AB1A-BCC7FFB7DAE1}"
EndProject
Project("{FAE04EC0-301F-11D3-BF4B-00C04F79EFBC}") = "MicroRabbit.Banking.Domain", "MicroRabbit.Banking.Domain\MicroRabbit.Banking.Domain.csproj", "{A87B6151-CF4D-4057-88FF-28CE45B2C072}"
EndProject
Global
	GlobalSection(SolutionConfigurationPlatforms) = preSolution
		Debug|Any CPU = Debug|Any CPU
		Release|Any CPU = Release|Any CPU
	EndGlobalSection
	GlobalSection(ProjectConfigurationPlatforms) = postSolution
		{BC490CED-DF8D-40D0-9ED4-71FA59D346A1}.Debug|Any CPU.ActiveCfg = Debug|Any CPU
		{BC490CED-DF8D-40D0-9ED4-71FA59D346A1}.Debug|Any CPU.Build.0 = Debug|Any CPU
		{BC490CED-DF8D-40D0-9ED4-71FA59D346A1}.Release|Any CPU.ActiveCfg = Release|Any CPU
		{BC490CED-DF8D-40D0-9ED4-71FA59D346A1}.Release|Any CPU.Build.0 = Release|Any CPU
		{EF37DB8E-9EC3-4AFD-8DDA-DA8A5D988441}.Debug|Any CPU.ActiveCfg = Debug|Any CPU
		{EF37DB8E-9EC3-4AFD-8DDA-DA8A5D988441}.Debug|Any CPU.Build.0 = Debug|Any CPU
		{EF37DB8E-9EC3-4AFD-8DDA-DA8A5D988441}.Release|Any CPU.ActiveCfg = Release|Any CPU
		{EF37DB8E-9EC3-4AFD-8DDA-DA8A5D988441}.Release|Any CPU.Build.0 = Release|Any CPU
		{EA30A966-F8F8-4414-8DD5-411CB7601279}.Debug|Any CPU.ActiveCfg = Debug|Any CPU
		{EA30A966-F8F8-4414-8DD5-411CB7601279}.Debug|Any CPU.Build.0 = Debug|Any CPU
		{EA30A966-F8F8-4414-8DD5-411CB7601279}.Release|Any CPU.ActiveCfg = Release|Any CPU
		{EA30A966-F8F8-4414-8DD5-411CB7601279}.Release|Any CPU.Build.0 = Release|Any CPU
		{87831BEB-393E-4843-AF60-9A4AE25E6B5D}.Debug|Any CPU.ActiveCfg = Debug|Any CPU
		{87831BEB-393E-4843-AF60-9A4AE25E6B5D}.Debug|Any CPU.Build.0 = Debug|Any CPU
		{87831BEB-393E-4843-AF60-9A4AE25E6B5D}.Release|Any CPU.ActiveCfg = Release|Any CPU
		{87831BEB-393E-4843-AF60-9A4AE25E6B5D}.Release|Any CPU.Build.0 = Release|Any CPU
		{4DD496B9-C82F-4EA4-B84C-D6FA3B1F42DC}.Debug|Any CPU.ActiveCfg = Debug|Any CPU
		{4DD496B9-C82F-4EA4-B84C-D6FA3B1F42DC}.Debug|Any CPU.Build.0 = Debug|Any CPU
		{4DD496B9-C82F-4EA4-B84C-D6FA3B1F42DC}.Release|Any CPU.ActiveCfg = Release|Any CPU
		{4DD496B9-C82F-4EA4-B84C-D6FA3B1F42DC}.Release|Any CPU.Build.0 = Release|Any CPU
		{77E61F94-34FF-4D3C-AB1A-BCC7FFB7DAE1}.Debug|Any CPU.ActiveCfg = Debug|Any CPU
		{77E61F94-34FF-4D3C-AB1A-BCC7FFB7DAE1}.Debug|Any CPU.Build.0 = Debug|Any CPU
		{77E61F94-34FF-4D3C-AB1A-BCC7FFB7DAE1}.Release|Any CPU.ActiveCfg = Release|Any CPU
		{77E61F94-34FF-4D3C-AB1A-BCC7FFB7DAE1}.Release|Any CPU.Build.0 = Release|Any CPU
		{A87B6151-CF4D-4057-88FF-28CE45B2C072}.Debug|Any CPU.ActiveCfg = Debug|Any CPU
		{A87B6151-CF4D-4057-88FF-28CE45B2C072}.Debug|Any CPU.Build.0 = Debug|Any CPU
		{A87B6151-CF4D-4057-88FF-28CE45B2C072}.Release|Any CPU.ActiveCfg = Release|Any CPU
		{A87B6151-CF4D-4057-88FF-28CE45B2C072}.Release|Any CPU.Build.0 = Release|Any CPU
	EndGlobalSection
	GlobalSection(SolutionProperties) = preSolution
		HideSolutionNode = FALSE
	EndGlobalSection
	GlobalSection(NestedProjects) = preSolution
		{BC490CED-DF8D-40D0-9ED4-71FA59D346A1} = {512852AC-E90B-4C89-9859-3B6B3CA8AAE6}
		{EF37DB8E-9EC3-4AFD-8DDA-DA8A5D988441} = {B8ADED94-6999-4978-8DC3-F1A60BA643C9}
		{EA30A966-F8F8-4414-8DD5-411CB7601279} = {AEDB1A68-7E0C-40B4-B022-A55C456F134F}
		{70203F6D-BECA-4738-9D1E-AFC49374DBEA} = {7AFE17B9-2F7B-4961-890E-499892C1A03B}
		{2705B625-E558-43AD-9EA1-6EDFA4287EDD} = {70203F6D-BECA-4738-9D1E-AFC49374DBEA}
		{1B8BC79D-E170-4A0E-BCE4-D18534D7F685} = {70203F6D-BECA-4738-9D1E-AFC49374DBEA}
		{2C3E22D7-D2E5-44A4-8D85-451328DB9A08} = {70203F6D-BECA-4738-9D1E-AFC49374DBEA}
		{40490798-E5F1-4357-B93B-5955B0D58096} = {70203F6D-BECA-4738-9D1E-AFC49374DBEA}
		{87831BEB-393E-4843-AF60-9A4AE25E6B5D} = {2705B625-E558-43AD-9EA1-6EDFA4287EDD}
		{4DD496B9-C82F-4EA4-B84C-D6FA3B1F42DC} = {2C3E22D7-D2E5-44A4-8D85-451328DB9A08}
		{77E61F94-34FF-4D3C-AB1A-BCC7FFB7DAE1} = {40490798-E5F1-4357-B93B-5955B0D58096}
		{A87B6151-CF4D-4057-88FF-28CE45B2C072} = {1B8BC79D-E170-4A0E-BCE4-D18534D7F685}
	EndGlobalSection
	GlobalSection(ExtensibilityGlobals) = postSolution
		SolutionGuid = {3348D69B-745C-42C8-8B3A-168EDDA1089B}
	EndGlobalSection
EndGlobal
